
Microsoft Visual Studio Solution File, Format Version 12.00
# Visual Studio Version 17
VisualStudioVersion = 17.9.34728.123
MinimumVisualStudioVersion = 10.0.40219.1
Project("{FAE04EC0-301F-11D3-BF4B-00C04F79EFBC}") = "Matriz Operações Soma Linha e Coluna", "Matriz Operações Soma Linha e Coluna\Matriz Operações Soma Linha e Coluna.csproj", "{77C8F03D-08AF-426E-8C7E-E73ED186B8A9}"
EndProject
Global
	GlobalSection(SolutionConfigurationPlatforms) = preSolution
		Debug|Any CPU = Debug|Any CPU
		Release|Any CPU = Release|Any CPU
	EndGlobalSection
	GlobalSection(ProjectConfigurationPlatforms) = postSolution
		{77C8F03D-08AF-426E-8C7E-E73ED186B8A9}.Debug|Any CPU.ActiveCfg = Debug|Any CPU
		{77C8F03D-08AF-426E-8C7E-E73ED186B8A9}.Debug|Any CPU.Build.0 = Debug|Any CPU
		{77C8F03D-08AF-426E-8C7E-E73ED186B8A9}.Release|Any CPU.ActiveCfg = Release|Any CPU
		{77C8F03D-08AF-426E-8C7E-E73ED186B8A9}.Release|Any CPU.Build.0 = Release|Any CPU
	EndGlobalSection
	GlobalSection(SolutionProperties) = preSolution
		HideSolutionNode = FALSE
	EndGlobalSection
	GlobalSection(ExtensibilityGlobals) = postSolution
		SolutionGuid = {DC106209-CC28-407D-BE29-BD97A0897677}
	EndGlobalSection
EndGlobal
